
Microsoft Visual Studio Solution File, Format Version 11.00
# Visual Studio 2010
Project("{8BC9CEB8-8B4A-11D0-8D11-00A0C91BC942}") = "Planetensystem", "Planetensystem\Planetensystem.vcxproj", "{F60BA1B8-BEA9-451F-94CD-4CAD7CAC87EC}"
EndProject
Project("{2150E333-8FDC-42A3-9474-1A3956D46DE8}") = "Solution Items", "Solution Items", "{14ADD9D2-4C10-47AB-888F-76E3DDCF15A6}"
	ProjectSection(SolutionItems) = preProject
		Data\earthmap.bmp = Data\earthmap.bmp
		Data\mars.bmp = Data\mars.bmp
		Data\moonmap.bmp = Data\moonmap.bmp
		Data\space.bmp = Data\space.bmp
		Data\sunmap.bmp = Data\sunmap.bmp
		Data\venusmap.bmp = Data\venusmap.bmp
	EndProjectSection
EndProject
Global
	GlobalSection(SolutionConfigurationPlatforms) = preSolution
		Debug|Win32 = Debug|Win32
		Release|Win32 = Release|Win32
	EndGlobalSection
	GlobalSection(ProjectConfigurationPlatforms) = postSolution
		{F60BA1B8-BEA9-451F-94CD-4CAD7CAC87EC}.Debug|Win32.ActiveCfg = Debug|Win32
		{F60BA1B8-BEA9-451F-94CD-4CAD7CAC87EC}.Debug|Win32.Build.0 = Debug|Win32
		{F60BA1B8-BEA9-451F-94CD-4CAD7CAC87EC}.Release|Win32.ActiveCfg = Release|Win32
		{F60BA1B8-BEA9-451F-94CD-4CAD7CAC87EC}.Release|Win32.Build.0 = Release|Win32
	EndGlobalSection
	GlobalSection(SolutionProperties) = preSolution
		HideSolutionNode = FALSE
	EndGlobalSection
EndGlobal
